
Microsoft Visual Studio Solution File, Format Version 12.00
# Visual Studio Version 17
VisualStudioVersion = 17.7.34031.279
MinimumVisualStudioVersion = 10.0.40219.1
Project("{FAE04EC0-301F-11D3-BF4B-00C04F79EFBC}") = "BLL", "BLL.csproj", "{1AD0C6F5-1E80-4C55-9DCA-64E86E79A6CF}"
EndProject
Project("{9A19103F-16F7-4668-BE54-9A1E7A4F7556}") = "DAL", "..\DAL\DAL.csproj", "{5E270743-9084-4A18-B5BF-BD60683A73F5}"
EndProject
Global
	GlobalSection(SolutionConfigurationPlatforms) = preSolution
		Debug|Any CPU = Debug|Any CPU
		Release|Any CPU = Release|Any CPU
	EndGlobalSection
	GlobalSection(ProjectConfigurationPlatforms) = postSolution
		{1AD0C6F5-1E80-4C55-9DCA-64E86E79A6CF}.Debug|Any CPU.ActiveCfg = Debug|Any CPU
		{1AD0C6F5-1E80-4C55-9DCA-64E86E79A6CF}.Debug|Any CPU.Build.0 = Debug|Any CPU
		{1AD0C6F5-1E80-4C55-9DCA-64E86E79A6CF}.Release|Any CPU.ActiveCfg = Release|Any CPU
		{1AD0C6F5-1E80-4C55-9DCA-64E86E79A6CF}.Release|Any CPU.Build.0 = Release|Any CPU
		{5E270743-9084-4A18-B5BF-BD60683A73F5}.Debug|Any CPU.ActiveCfg = Debug|Any CPU
		{5E270743-9084-4A18-B5BF-BD60683A73F5}.Debug|Any CPU.Build.0 = Debug|Any CPU
		{5E270743-9084-4A18-B5BF-BD60683A73F5}.Release|Any CPU.ActiveCfg = Release|Any CPU
		{5E270743-9084-4A18-B5BF-BD60683A73F5}.Release|Any CPU.Build.0 = Release|Any CPU
	EndGlobalSection
	GlobalSection(SolutionProperties) = preSolution
		HideSolutionNode = FALSE
	EndGlobalSection
	GlobalSection(ExtensibilityGlobals) = postSolution
		SolutionGuid = {5AC68996-0035-42E1-B002-4963D3838270}
	EndGlobalSection
EndGlobal
