
Microsoft Visual Studio Solution File, Format Version 12.00
# Visual Studio Version 17
VisualStudioVersion = 17.7.34031.279
MinimumVisualStudioVersion = 10.0.40219.1
Project("{9A19103F-16F7-4668-BE54-9A1E7A4F7556}") = "Tests", "Tests.csproj", "{CACE723E-6EC1-4B8C-A359-913E38F32793}"
EndProject
Project("{9A19103F-16F7-4668-BE54-9A1E7A4F7556}") = "BLL", "..\BLL\BLL.csproj", "{226E0AB5-4C87-4A6C-AC3A-1EFF68B9AD04}"
EndProject
Project("{9A19103F-16F7-4668-BE54-9A1E7A4F7556}") = "DAL", "..\DAL\DAL.csproj", "{BFEB91FF-3565-47CF-A28F-B0AE6CF45FA8}"
EndProject
Global
	GlobalSection(SolutionConfigurationPlatforms) = preSolution
		Debug|Any CPU = Debug|Any CPU
		Release|Any CPU = Release|Any CPU
	EndGlobalSection
	GlobalSection(ProjectConfigurationPlatforms) = postSolution
		{CACE723E-6EC1-4B8C-A359-913E38F32793}.Debug|Any CPU.ActiveCfg = Debug|Any CPU
		{CACE723E-6EC1-4B8C-A359-913E38F32793}.Debug|Any CPU.Build.0 = Debug|Any CPU
		{CACE723E-6EC1-4B8C-A359-913E38F32793}.Release|Any CPU.ActiveCfg = Release|Any CPU
		{CACE723E-6EC1-4B8C-A359-913E38F32793}.Release|Any CPU.Build.0 = Release|Any CPU
		{226E0AB5-4C87-4A6C-AC3A-1EFF68B9AD04}.Debug|Any CPU.ActiveCfg = Debug|Any CPU
		{226E0AB5-4C87-4A6C-AC3A-1EFF68B9AD04}.Debug|Any CPU.Build.0 = Debug|Any CPU
		{226E0AB5-4C87-4A6C-AC3A-1EFF68B9AD04}.Release|Any CPU.ActiveCfg = Release|Any CPU
		{226E0AB5-4C87-4A6C-AC3A-1EFF68B9AD04}.Release|Any CPU.Build.0 = Release|Any CPU
		{BFEB91FF-3565-47CF-A28F-B0AE6CF45FA8}.Debug|Any CPU.ActiveCfg = Debug|Any CPU
		{BFEB91FF-3565-47CF-A28F-B0AE6CF45FA8}.Debug|Any CPU.Build.0 = Debug|Any CPU
		{BFEB91FF-3565-47CF-A28F-B0AE6CF45FA8}.Release|Any CPU.ActiveCfg = Release|Any CPU
		{BFEB91FF-3565-47CF-A28F-B0AE6CF45FA8}.Release|Any CPU.Build.0 = Release|Any CPU
	EndGlobalSection
	GlobalSection(SolutionProperties) = preSolution
		HideSolutionNode = FALSE
	EndGlobalSection
	GlobalSection(ExtensibilityGlobals) = postSolution
		SolutionGuid = {D469A258-57E2-419D-8D3F-B406598F8DD4}
	EndGlobalSection
EndGlobal
