
Microsoft Visual Studio Solution File, Format Version 12.00
# Visual Studio Version 17
VisualStudioVersion = 17.7.34031.279
MinimumVisualStudioVersion = 10.0.40219.1
Project("{FAE04EC0-301F-11D3-BF4B-00C04F79EFBC}") = "FInancePillowApp", "FInancePillowApp.csproj", "{1E04D84B-E6BD-44A0-AC3B-B9A940C0B51C}"
EndProject
Global
	GlobalSection(SolutionConfigurationPlatforms) = preSolution
		Debug|Any CPU = Debug|Any CPU
		Release|Any CPU = Release|Any CPU
	EndGlobalSection
	GlobalSection(ProjectConfigurationPlatforms) = postSolution
		{1E04D84B-E6BD-44A0-AC3B-B9A940C0B51C}.Debug|Any CPU.ActiveCfg = Debug|Any CPU
		{1E04D84B-E6BD-44A0-AC3B-B9A940C0B51C}.Debug|Any CPU.Build.0 = Debug|Any CPU
		{1E04D84B-E6BD-44A0-AC3B-B9A940C0B51C}.Release|Any CPU.ActiveCfg = Release|Any CPU
		{1E04D84B-E6BD-44A0-AC3B-B9A940C0B51C}.Release|Any CPU.Build.0 = Release|Any CPU
	EndGlobalSection
	GlobalSection(SolutionProperties) = preSolution
		HideSolutionNode = FALSE
	EndGlobalSection
	GlobalSection(ExtensibilityGlobals) = postSolution
		SolutionGuid = {133671CE-0D24-46C3-A826-13D6A973A492}
	EndGlobalSection
EndGlobal
